{
  "name": "function-nodets-api-demo",
  "version": "1.0.0",
  "lockfileVersion": 3,
  "requires": true,
  "packages": {
    "": {
      "name": "function-nodets-api-demo",
      "version": "1.0.0",
      "license": "ISC",
      "dependencies": {
        "@buf/functionnetworklabs_api-gateway.connectrpc_es": "^1.4.0-20240901212907-6521abc9f73f.3",
        "@connectrpc/connect": "^1.4.0",
        "@connectrpc/connect-node": "^1.4.0"
      }
    },
    "node_modules/@buf/functionnetworklabs_api-gateway.bufbuild_es": {
      "version": "1.7.2-20240901212907-6521abc9f73f.2",
      "resolved": "https://buf.build/gen/npm/v1/@buf/functionnetworklabs_api-gateway.bufbuild_es/-/functionnetworklabs_api-gateway.bufbuild_es-1.7.2-20240901212907-6521abc9f73f.2.tgz",
      "peerDependencies": {
        "@bufbuild/protobuf": "^1.7.2"
      }
    },
    "node_modules/@buf/functionnetworklabs_api-gateway.connectrpc_es": {
      "version": "1.4.0-20240901212907-6521abc9f73f.3",
      "resolved": "https://buf.build/gen/npm/v1/@buf/functionnetworklabs_api-gateway.connectrpc_es/-/functionnetworklabs_api-gateway.connectrpc_es-1.4.0-20240901212907-6521abc9f73f.3.tgz",
      "dependencies": {
        "@buf/functionnetworklabs_api-gateway.bufbuild_es": "1.7.2-20240901212907-6521abc9f73f.2"
      },
      "peerDependencies": {
        "@connectrpc/connect": "^1.4.0"
      }
    },
    "node_modules/@bufbuild/protobuf": {
      "version": "1.10.0",
      "resolved": "https://registry.npmjs.org/@bufbuild/protobuf/-/protobuf-1.10.0.tgz",
      "integrity": "sha512-QDdVFLoN93Zjg36NoQPZfsVH9tZew7wKDKyV5qRdj8ntT4wQCOradQjRaTdwMhWUYsgKsvCINKKm87FdEk96Ag==",
      "peer": true
    },
    "node_modules/@connectrpc/connect": {
      "version": "1.4.0",
      "resolved": "https://registry.npmjs.org/@connectrpc/connect/-/connect-1.4.0.tgz",
      "integrity": "sha512-vZeOkKaAjyV4+RH3+rJZIfDFJAfr+7fyYr6sLDKbYX3uuTVszhFe9/YKf5DNqrDb5cKdKVlYkGn6DTDqMitAnA==",
      "peerDependencies": {
        "@bufbuild/protobuf": "^1.4.2"
      }
    },
    "node_modules/@connectrpc/connect-node": {
      "version": "1.4.0",
      "resolved": "https://registry.npmjs.org/@connectrpc/connect-node/-/connect-node-1.4.0.tgz",
      "integrity": "sha512-0ANnrr6SvsjevsWEgdzHy7BaHkluZyS6s4xNoVt7RBHFR5V/kT9lPokoIbYUOU9JHzdRgTaS3x5595mwUsu15g==",
      "dependencies": {
        "undici": "^5.28.3"
      },
      "engines": {
        "node": ">=16.0.0"
      },
      "peerDependencies": {
        "@bufbuild/protobuf": "^1.4.2",
        "@connectrpc/connect": "1.4.0"
      }
    },
    "node_modules/@fastify/busboy": {
      "version": "2.1.1",
      "resolved": "https://registry.npmjs.org/@fastify/busboy/-/busboy-2.1.1.tgz",
      "integrity": "sha512-vBZP4NlzfOlerQTnba4aqZoMhE/a9HY7HRqoOPaETQcSQuWEIyZMHGfVu6w9wGtGK5fED5qRs2DteVCjOH60sA==",
      "engines": {
        "node": ">=14"
      }
    },
    "node_modules/undici": {
      "version": "5.28.4",
      "resolved": "https://registry.npmjs.org/undici/-/undici-5.28.4.tgz",
      "integrity": "sha512-72RFADWFqKmUb2hmmvNODKL3p9hcB6Gt2DOQMis1SEBaV6a4MH8soBvzg+95CYhCKPFedut2JY9bMfrDl9D23g==",
      "dependencies": {
        "@fastify/busboy": "^2.0.0"
      },
      "engines": {
        "node": ">=14.0"
      }
    }
  }
}
