{
  "name": "function-nodets-api-demo",
  "version": "1.0.0",
  "lockfileVersion": 3,
  "requires": true,
  "packages": {
    "": {
      "name": "function-nodets-api-demo",
      "version": "1.0.0",
      "license": "ISC",
      "dependencies": {
        "@buf/fxnlabs_api-gateway.connectrpc_es": "^1.5.0-20240920030237-59316fe8b033.1",
        "@connectrpc/connect": "^1.5.0",
        "@connectrpc/connect-node": "^1.5.0"
      }
    },
    "node_modules/@buf/fxnlabs_api-gateway.bufbuild_es": {
      "version": "1.10.0-20240920030237-59316fe8b033.1",
      "resolved": "https://buf.build/gen/npm/v1/@buf/fxnlabs_api-gateway.bufbuild_es/-/fxnlabs_api-gateway.bufbuild_es-1.10.0-20240920030237-59316fe8b033.1.tgz",
      "peerDependencies": {
        "@bufbuild/protobuf": "^1.10.0"
      }
    },
    "node_modules/@buf/fxnlabs_api-gateway.connectrpc_es": {
      "version": "1.5.0-20240920030237-59316fe8b033.1",
      "resolved": "https://buf.build/gen/npm/v1/@buf/fxnlabs_api-gateway.connectrpc_es/-/fxnlabs_api-gateway.connectrpc_es-1.5.0-20240920030237-59316fe8b033.1.tgz",
      "dependencies": {
        "@buf/fxnlabs_api-gateway.bufbuild_es": "1.10.0-20240920030237-59316fe8b033.1"
      },
      "peerDependencies": {
        "@connectrpc/connect": "^1.5.0"
      }
    },
    "node_modules/@bufbuild/protobuf": {
      "version": "1.10.0",
      "resolved": "https://registry.npmjs.org/@bufbuild/protobuf/-/protobuf-1.10.0.tgz",
      "integrity": "sha512-QDdVFLoN93Zjg36NoQPZfsVH9tZew7wKDKyV5qRdj8ntT4wQCOradQjRaTdwMhWUYsgKsvCINKKm87FdEk96Ag==",
      "peer": true
    },
    "node_modules/@connectrpc/connect": {
      "version": "1.5.0",
      "resolved": "https://registry.npmjs.org/@connectrpc/connect/-/connect-1.5.0.tgz",
      "integrity": "sha512-1gGg0M6c2Y3lnr5itis9dNj9r8hbOIuBMqoGSbUy7L7Vjw4MAttjJzJfj9HCDgytGCJkGanYEYI6MQVDijdVQw==",
      "peerDependencies": {
        "@bufbuild/protobuf": "^1.10.0"
      }
    },
    "node_modules/@connectrpc/connect-node": {
      "version": "1.5.0",
      "resolved": "https://registry.npmjs.org/@connectrpc/connect-node/-/connect-node-1.5.0.tgz",
      "integrity": "sha512-go27+V6c6/YOGMXUs7d1NbXnGpMJl5fKYfMtbBKDs9azZTg/tW9q5S0iw9upZs43bOPV8YnJAWmTW9n1Te9NAw==",
      "dependencies": {
        "undici": "^5.28.4"
      },
      "engines": {
        "node": ">=16.0.0"
      },
      "peerDependencies": {
        "@bufbuild/protobuf": "^1.10.0",
        "@connectrpc/connect": "1.5.0"
      }
    },
    "node_modules/@fastify/busboy": {
      "version": "2.1.1",
      "resolved": "https://registry.npmjs.org/@fastify/busboy/-/busboy-2.1.1.tgz",
      "integrity": "sha512-vBZP4NlzfOlerQTnba4aqZoMhE/a9HY7HRqoOPaETQcSQuWEIyZMHGfVu6w9wGtGK5fED5qRs2DteVCjOH60sA==",
      "engines": {
        "node": ">=14"
      }
    },
    "node_modules/undici": {
      "version": "5.28.4",
      "resolved": "https://registry.npmjs.org/undici/-/undici-5.28.4.tgz",
      "integrity": "sha512-72RFADWFqKmUb2hmmvNODKL3p9hcB6Gt2DOQMis1SEBaV6a4MH8soBvzg+95CYhCKPFedut2JY9bMfrDl9D23g==",
      "dependencies": {
        "@fastify/busboy": "^2.0.0"
      },
      "engines": {
        "node": ">=14.0"
      }
    }
  }
}
